{
    "_readme": [
        "This file locks the dependencies of your project to a known state",
        "Read more about it at http://getcomposer.org/doc/01-basic-usage.md#composer-lock-the-lock-file"
    ],
    "hash": "43dd0d87dc14d15eafe9f39459f835c4",
    "packages": [
        {
            "name": "webvariants/pac",
            "version": "v1.0.2",
            "source": {
                "type": "hg",
                "url": "https://bitbucket.org/webvariants/pac",
                "reference": "v1.0.2"
            },
            "dist": {
                "type": "zip",
                "url": "https://bitbucket.org/webvariants/pac/get/v1.0.2.zip",
                "reference": "v1.0.2",
                "shasum": ""
            },
            "require": {
                "php": ">=5.2.1"
            },
            "type": "library",
            "extra": {
                "branch-alias": {
                    "dev-default": "1.x-dev"
                }
            },
            "autoload": {
                "psr-0": {
                    "pac_": "src/"
                }
            },
            "notification-url": "https://packagist.org/downloads/",
            "license": [
                "MIT"
            ],
            "authors": [
                {
                    "name": "Christian Zozmann"
                }
            ],
            "description": "a simple role-based access control implementation",
            "homepage": "http://www.sallycms.de/",
            "keywords": [
                "rbac"
            ],
            "time": "2013-04-21 20:04:13"
        }
    ],
    "packages-dev": [

    ],
    "aliases": [

    ],
    "minimum-stability": "stable",
    "stability-flags": [

    ],
    "platform": [

    ],
    "platform-dev": [

    ]
}
